
Microsoft Visual Studio Solution File, Format Version 12.00
# Visual Studio Version 16
VisualStudioVersion = 16.0.30523.141
MinimumVisualStudioVersion = 10.0.40219.1
Project("{FAE04EC0-301F-11D3-BF4B-00C04F79EFBC}") = "APIServer", "APIServer\APIServer.csproj", "{5E7B1A69-0C20-4C2F-82B7-59891D91AD22}"
EndProject
Global
	GlobalSection(SolutionConfigurationPlatforms) = preSolution
		Debug|Any CPU = Debug|Any CPU
		Release|Any CPU = Release|Any CPU
	EndGlobalSection
	GlobalSection(ProjectConfigurationPlatforms) = postSolution
		{5E7B1A69-0C20-4C2F-82B7-59891D91AD22}.Debug|Any CPU.ActiveCfg = Debug|Any CPU
		{5E7B1A69-0C20-4C2F-82B7-59891D91AD22}.Debug|Any CPU.Build.0 = Debug|Any CPU
		{5E7B1A69-0C20-4C2F-82B7-59891D91AD22}.Release|Any CPU.ActiveCfg = Release|Any CPU
		{5E7B1A69-0C20-4C2F-82B7-59891D91AD22}.Release|Any CPU.Build.0 = Release|Any CPU
	EndGlobalSection
	GlobalSection(SolutionProperties) = preSolution
		HideSolutionNode = FALSE
	EndGlobalSection
	GlobalSection(ExtensibilityGlobals) = postSolution
		SolutionGuid = {C4A5B9DC-2FB2-46DF-A495-ACEDE6358C00}
	EndGlobalSection
EndGlobal
